
Microsoft Visual Studio Solution File, Format Version 12.00
# Visual Studio 15
VisualStudioVersion = 15.0.27703.2000
MinimumVisualStudioVersion = 10.0.40219.1
Project("{FAE04EC0-301F-11D3-BF4B-00C04F79EFBC}") = "01_Delegates", "Delegate e Eventos\01_Delegates.csproj", "{4B52D3D9-CB64-4C5B-9B2D-AA27CB02E4B8}"
EndProject
Project("{FAE04EC0-301F-11D3-BF4B-00C04F79EFBC}") = "02_Delegates", "02_Delegates\02_Delegates.csproj", "{55F4DEFD-5488-4A74-92A8-F3309EFFDB11}"
EndProject
Global
	GlobalSection(SolutionConfigurationPlatforms) = preSolution
		Debug|Any CPU = Debug|Any CPU
		Release|Any CPU = Release|Any CPU
	EndGlobalSection
	GlobalSection(ProjectConfigurationPlatforms) = postSolution
		{4B52D3D9-CB64-4C5B-9B2D-AA27CB02E4B8}.Debug|Any CPU.ActiveCfg = Debug|Any CPU
		{4B52D3D9-CB64-4C5B-9B2D-AA27CB02E4B8}.Debug|Any CPU.Build.0 = Debug|Any CPU
		{4B52D3D9-CB64-4C5B-9B2D-AA27CB02E4B8}.Release|Any CPU.ActiveCfg = Release|Any CPU
		{4B52D3D9-CB64-4C5B-9B2D-AA27CB02E4B8}.Release|Any CPU.Build.0 = Release|Any CPU
		{55F4DEFD-5488-4A74-92A8-F3309EFFDB11}.Debug|Any CPU.ActiveCfg = Debug|Any CPU
		{55F4DEFD-5488-4A74-92A8-F3309EFFDB11}.Debug|Any CPU.Build.0 = Debug|Any CPU
		{55F4DEFD-5488-4A74-92A8-F3309EFFDB11}.Release|Any CPU.ActiveCfg = Release|Any CPU
		{55F4DEFD-5488-4A74-92A8-F3309EFFDB11}.Release|Any CPU.Build.0 = Release|Any CPU
	EndGlobalSection
	GlobalSection(SolutionProperties) = preSolution
		HideSolutionNode = FALSE
	EndGlobalSection
	GlobalSection(ExtensibilityGlobals) = postSolution
		SolutionGuid = {013472B8-C50E-4378-9331-54BBCECC9657}
	EndGlobalSection
EndGlobal
